
Microsoft Visual Studio Solution File, Format Version 12.00
# Visual Studio Version 16
VisualStudioVersion = 16.0.30225.117
MinimumVisualStudioVersion = 10.0.40219.1
Project("{9A19103F-16F7-4668-BE54-9A1E7A4F7556}") = "BlogEngine.Client", "BlogEngine.Client\BlogEngine.Client.csproj", "{561B5300-9100-44CD-BE34-18575254986A}"
EndProject
Project("{9A19103F-16F7-4668-BE54-9A1E7A4F7556}") = "BlogEngine.Server", "BlogEngine.Server\BlogEngine.Server.csproj", "{D7347D4D-C06F-45D7-94D0-A2C09311F9BE}"
EndProject
Project("{9A19103F-16F7-4668-BE54-9A1E7A4F7556}") = "BlogEngine.ClientServices", "BlogEngine.ClientServices\BlogEngine.ClientServices.csproj", "{83C12C0B-CF66-4AA4-A0B0-02AACA495032}"
EndProject
Project("{9A19103F-16F7-4668-BE54-9A1E7A4F7556}") = "BlogEngine.Shared", "BlogEngine.Shared\BlogEngine.Shared.csproj", "{0DABAE01-7650-4C86-A352-86F2DF393FB0}"
EndProject
Project("{9A19103F-16F7-4668-BE54-9A1E7A4F7556}") = "BlogEngine.Core", "BlogEngine.Core\BlogEngine.Core.csproj", "{AD1865C8-52E5-4C5E-B253-B24177D1ABEC}"
EndProject
Global
	GlobalSection(SolutionConfigurationPlatforms) = preSolution
		Debug|Any CPU = Debug|Any CPU
		Release|Any CPU = Release|Any CPU
	EndGlobalSection
	GlobalSection(ProjectConfigurationPlatforms) = postSolution
		{561B5300-9100-44CD-BE34-18575254986A}.Debug|Any CPU.ActiveCfg = Debug|Any CPU
		{561B5300-9100-44CD-BE34-18575254986A}.Debug|Any CPU.Build.0 = Debug|Any CPU
		{561B5300-9100-44CD-BE34-18575254986A}.Release|Any CPU.ActiveCfg = Release|Any CPU
		{561B5300-9100-44CD-BE34-18575254986A}.Release|Any CPU.Build.0 = Release|Any CPU
		{D7347D4D-C06F-45D7-94D0-A2C09311F9BE}.Debug|Any CPU.ActiveCfg = Debug|Any CPU
		{D7347D4D-C06F-45D7-94D0-A2C09311F9BE}.Debug|Any CPU.Build.0 = Debug|Any CPU
		{D7347D4D-C06F-45D7-94D0-A2C09311F9BE}.Release|Any CPU.ActiveCfg = Release|Any CPU
		{D7347D4D-C06F-45D7-94D0-A2C09311F9BE}.Release|Any CPU.Build.0 = Release|Any CPU
		{83C12C0B-CF66-4AA4-A0B0-02AACA495032}.Debug|Any CPU.ActiveCfg = Debug|Any CPU
		{83C12C0B-CF66-4AA4-A0B0-02AACA495032}.Debug|Any CPU.Build.0 = Debug|Any CPU
		{83C12C0B-CF66-4AA4-A0B0-02AACA495032}.Release|Any CPU.ActiveCfg = Release|Any CPU
		{83C12C0B-CF66-4AA4-A0B0-02AACA495032}.Release|Any CPU.Build.0 = Release|Any CPU
		{0DABAE01-7650-4C86-A352-86F2DF393FB0}.Debug|Any CPU.ActiveCfg = Debug|Any CPU
		{0DABAE01-7650-4C86-A352-86F2DF393FB0}.Debug|Any CPU.Build.0 = Debug|Any CPU
		{0DABAE01-7650-4C86-A352-86F2DF393FB0}.Release|Any CPU.ActiveCfg = Release|Any CPU
		{0DABAE01-7650-4C86-A352-86F2DF393FB0}.Release|Any CPU.Build.0 = Release|Any CPU
		{AD1865C8-52E5-4C5E-B253-B24177D1ABEC}.Debug|Any CPU.ActiveCfg = Debug|Any CPU
		{AD1865C8-52E5-4C5E-B253-B24177D1ABEC}.Debug|Any CPU.Build.0 = Debug|Any CPU
		{AD1865C8-52E5-4C5E-B253-B24177D1ABEC}.Release|Any CPU.ActiveCfg = Release|Any CPU
		{AD1865C8-52E5-4C5E-B253-B24177D1ABEC}.Release|Any CPU.Build.0 = Release|Any CPU
	EndGlobalSection
	GlobalSection(SolutionProperties) = preSolution
		HideSolutionNode = FALSE
	EndGlobalSection
	GlobalSection(ExtensibilityGlobals) = postSolution
		SolutionGuid = {1218208B-728C-4FD2-A90D-1BB437B8CF22}
	EndGlobalSection
EndGlobal
